
Microsoft Visual Studio Solution File, Format Version 12.00
# Visual Studio Version 17
VisualStudioVersion = 17.14.36511.14 d17.14
MinimumVisualStudioVersion = 10.0.40219.1
Project("{54A90642-561A-4BB1-A94E-469ADEE60C69}") = "psw-tourism-app.client", "psw-tourism-app.client\psw-tourism-app.client.esproj", "{2A1ABE49-A844-EDFE-0BFD-DF59CCBB8F20}"
EndProject
Project("{FAE04EC0-301F-11D3-BF4B-00C04F79EFBC}") = "PSW-Tourism-App.Server", "PSW-Tourism-App.Server\PSW-Tourism-App.Server.csproj", "{2C0ACBE9-189C-4EA2-8105-E467A11725E0}"
EndProject
Global
	GlobalSection(SolutionConfigurationPlatforms) = preSolution
		Debug|Any CPU = Debug|Any CPU
		Release|Any CPU = Release|Any CPU
	EndGlobalSection
	GlobalSection(ProjectConfigurationPlatforms) = postSolution
		{2A1ABE49-A844-EDFE-0BFD-DF59CCBB8F20}.Debug|Any CPU.ActiveCfg = Debug|Any CPU
		{2A1ABE49-A844-EDFE-0BFD-DF59CCBB8F20}.Debug|Any CPU.Build.0 = Debug|Any CPU
		{2A1ABE49-A844-EDFE-0BFD-DF59CCBB8F20}.Debug|Any CPU.Deploy.0 = Debug|Any CPU
		{2A1ABE49-A844-EDFE-0BFD-DF59CCBB8F20}.Release|Any CPU.ActiveCfg = Release|Any CPU
		{2A1ABE49-A844-EDFE-0BFD-DF59CCBB8F20}.Release|Any CPU.Build.0 = Release|Any CPU
		{2A1ABE49-A844-EDFE-0BFD-DF59CCBB8F20}.Release|Any CPU.Deploy.0 = Release|Any CPU
		{2C0ACBE9-189C-4EA2-8105-E467A11725E0}.Debug|Any CPU.ActiveCfg = Debug|Any CPU
		{2C0ACBE9-189C-4EA2-8105-E467A11725E0}.Debug|Any CPU.Build.0 = Debug|Any CPU
		{2C0ACBE9-189C-4EA2-8105-E467A11725E0}.Release|Any CPU.ActiveCfg = Release|Any CPU
		{2C0ACBE9-189C-4EA2-8105-E467A11725E0}.Release|Any CPU.Build.0 = Release|Any CPU
	EndGlobalSection
	GlobalSection(SolutionProperties) = preSolution
		HideSolutionNode = FALSE
	EndGlobalSection
	GlobalSection(ExtensibilityGlobals) = postSolution
		SolutionGuid = {9C25BDE0-4015-4A69-A0E3-3EA5F0D14A7D}
	EndGlobalSection
EndGlobal
